
Microsoft Visual Studio Solution File, Format Version 12.00
# Visual Studio 15
Project("{FAE04EC0-301F-11D3-BF4B-00C04F79EFBC}") = "Assembly-CSharp", "Assembly-CSharp.csproj", "{32636F1D-488F-6CF8-2F18-1F886608A356}"
EndProject
Global
	GlobalSection(SolutionConfigurationPlatforms) = preSolution
		Debug|Any CPU = Debug|Any CPU
		Release|Any CPU = Release|Any CPU
	EndGlobalSection
	GlobalSection(ProjectConfigurationPlatforms) = postSolution
		{32636F1D-488F-6CF8-2F18-1F886608A356}.Debug|Any CPU.ActiveCfg = Debug|Any CPU
		{32636F1D-488F-6CF8-2F18-1F886608A356}.Debug|Any CPU.Build.0 = Debug|Any CPU
		{32636F1D-488F-6CF8-2F18-1F886608A356}.Release|Any CPU.ActiveCfg = Release|Any CPU
		{32636F1D-488F-6CF8-2F18-1F886608A356}.Release|Any CPU.Build.0 = Release|Any CPU
	EndGlobalSection
	GlobalSection(SolutionProperties) = preSolution
		HideSolutionNode = FALSE
	EndGlobalSection
EndGlobal
